
Microsoft Visual Studio Solution File, Format Version 12.00
# Visual Studio Version 17
VisualStudioVersion = 17.9.34616.47
MinimumVisualStudioVersion = 10.0.40219.1
Project("{8BC9CEB8-8B4A-11D0-8D11-00A0C91BC942}") = "Lesson1", "Lesson1\Lesson1.vcxproj", "{B9D0E12F-D43B-426D-9EEC-A20606D9BADE}"
EndProject
Project("{8BC9CEB8-8B4A-11D0-8D11-00A0C91BC942}") = "Lesson2", "Lesson2\Lesson2.vcxproj", "{14A1D858-21B8-4170-8F8E-F2B6F56AC9AC}"
EndProject
Project("{8BC9CEB8-8B4A-11D0-8D11-00A0C91BC942}") = "Ex1", "Ex1\Ex1.vcxproj", "{26DA20B7-FEA4-4E7D-9089-6C46F2F70778}"
EndProject
Project("{8BC9CEB8-8B4A-11D0-8D11-00A0C91BC942}") = "Ex2", "Ex2\Ex2.vcxproj", "{732747B5-D3C1-4CDC-BB2E-FE12A691BC42}"
EndProject
Project("{8BC9CEB8-8B4A-11D0-8D11-00A0C91BC942}") = "Lesson3", "Lesson3\Lesson3.vcxproj", "{09E1C273-79A6-46EE-A0BA-0D4904FAF4CE}"
EndProject
Project("{8BC9CEB8-8B4A-11D0-8D11-00A0C91BC942}") = "Ex3", "Ex3\Ex3.vcxproj", "{513B96C7-E9A8-408E-AE08-C2911933B976}"
EndProject
Global
	GlobalSection(SolutionConfigurationPlatforms) = preSolution
		Debug|x64 = Debug|x64
		Debug|x86 = Debug|x86
		Release|x64 = Release|x64
		Release|x86 = Release|x86
	EndGlobalSection
	GlobalSection(ProjectConfigurationPlatforms) = postSolution
		{B9D0E12F-D43B-426D-9EEC-A20606D9BADE}.Debug|x64.ActiveCfg = Debug|x64
		{B9D0E12F-D43B-426D-9EEC-A20606D9BADE}.Debug|x64.Build.0 = Debug|x64
		{B9D0E12F-D43B-426D-9EEC-A20606D9BADE}.Debug|x86.ActiveCfg = Debug|Win32
		{B9D0E12F-D43B-426D-9EEC-A20606D9BADE}.Debug|x86.Build.0 = Debug|Win32
		{B9D0E12F-D43B-426D-9EEC-A20606D9BADE}.Release|x64.ActiveCfg = Release|x64
		{B9D0E12F-D43B-426D-9EEC-A20606D9BADE}.Release|x64.Build.0 = Release|x64
		{B9D0E12F-D43B-426D-9EEC-A20606D9BADE}.Release|x86.ActiveCfg = Release|Win32
		{B9D0E12F-D43B-426D-9EEC-A20606D9BADE}.Release|x86.Build.0 = Release|Win32
		{14A1D858-21B8-4170-8F8E-F2B6F56AC9AC}.Debug|x64.ActiveCfg = Debug|x64
		{14A1D858-21B8-4170-8F8E-F2B6F56AC9AC}.Debug|x64.Build.0 = Debug|x64
		{14A1D858-21B8-4170-8F8E-F2B6F56AC9AC}.Debug|x86.ActiveCfg = Debug|Win32
		{14A1D858-21B8-4170-8F8E-F2B6F56AC9AC}.Debug|x86.Build.0 = Debug|Win32
		{14A1D858-21B8-4170-8F8E-F2B6F56AC9AC}.Release|x64.ActiveCfg = Release|x64
		{14A1D858-21B8-4170-8F8E-F2B6F56AC9AC}.Release|x64.Build.0 = Release|x64
		{14A1D858-21B8-4170-8F8E-F2B6F56AC9AC}.Release|x86.ActiveCfg = Release|Win32
		{14A1D858-21B8-4170-8F8E-F2B6F56AC9AC}.Release|x86.Build.0 = Release|Win32
		{26DA20B7-FEA4-4E7D-9089-6C46F2F70778}.Debug|x64.ActiveCfg = Debug|x64
		{26DA20B7-FEA4-4E7D-9089-6C46F2F70778}.Debug|x64.Build.0 = Debug|x64
		{26DA20B7-FEA4-4E7D-9089-6C46F2F70778}.Debug|x86.ActiveCfg = Debug|Win32
		{26DA20B7-FEA4-4E7D-9089-6C46F2F70778}.Debug|x86.Build.0 = Debug|Win32
		{26DA20B7-FEA4-4E7D-9089-6C46F2F70778}.Release|x64.ActiveCfg = Release|x64
		{26DA20B7-FEA4-4E7D-9089-6C46F2F70778}.Release|x64.Build.0 = Release|x64
		{26DA20B7-FEA4-4E7D-9089-6C46F2F70778}.Release|x86.ActiveCfg = Release|Win32
		{26DA20B7-FEA4-4E7D-9089-6C46F2F70778}.Release|x86.Build.0 = Release|Win32
		{732747B5-D3C1-4CDC-BB2E-FE12A691BC42}.Debug|x64.ActiveCfg = Debug|x64
		{732747B5-D3C1-4CDC-BB2E-FE12A691BC42}.Debug|x64.Build.0 = Debug|x64
		{732747B5-D3C1-4CDC-BB2E-FE12A691BC42}.Debug|x86.ActiveCfg = Debug|Win32
		{732747B5-D3C1-4CDC-BB2E-FE12A691BC42}.Debug|x86.Build.0 = Debug|Win32
		{732747B5-D3C1-4CDC-BB2E-FE12A691BC42}.Release|x64.ActiveCfg = Release|x64
		{732747B5-D3C1-4CDC-BB2E-FE12A691BC42}.Release|x64.Build.0 = Release|x64
		{732747B5-D3C1-4CDC-BB2E-FE12A691BC42}.Release|x86.ActiveCfg = Release|Win32
		{732747B5-D3C1-4CDC-BB2E-FE12A691BC42}.Release|x86.Build.0 = Release|Win32
		{09E1C273-79A6-46EE-A0BA-0D4904FAF4CE}.Debug|x64.ActiveCfg = Debug|x64
		{09E1C273-79A6-46EE-A0BA-0D4904FAF4CE}.Debug|x64.Build.0 = Debug|x64
		{09E1C273-79A6-46EE-A0BA-0D4904FAF4CE}.Debug|x86.ActiveCfg = Debug|Win32
		{09E1C273-79A6-46EE-A0BA-0D4904FAF4CE}.Debug|x86.Build.0 = Debug|Win32
		{09E1C273-79A6-46EE-A0BA-0D4904FAF4CE}.Release|x64.ActiveCfg = Release|x64
		{09E1C273-79A6-46EE-A0BA-0D4904FAF4CE}.Release|x64.Build.0 = Release|x64
		{09E1C273-79A6-46EE-A0BA-0D4904FAF4CE}.Release|x86.ActiveCfg = Release|Win32
		{09E1C273-79A6-46EE-A0BA-0D4904FAF4CE}.Release|x86.Build.0 = Release|Win32
		{513B96C7-E9A8-408E-AE08-C2911933B976}.Debug|x64.ActiveCfg = Debug|x64
		{513B96C7-E9A8-408E-AE08-C2911933B976}.Debug|x64.Build.0 = Debug|x64
		{513B96C7-E9A8-408E-AE08-C2911933B976}.Debug|x86.ActiveCfg = Debug|Win32
		{513B96C7-E9A8-408E-AE08-C2911933B976}.Debug|x86.Build.0 = Debug|Win32
		{513B96C7-E9A8-408E-AE08-C2911933B976}.Release|x64.ActiveCfg = Release|x64
		{513B96C7-E9A8-408E-AE08-C2911933B976}.Release|x64.Build.0 = Release|x64
		{513B96C7-E9A8-408E-AE08-C2911933B976}.Release|x86.ActiveCfg = Release|Win32
		{513B96C7-E9A8-408E-AE08-C2911933B976}.Release|x86.Build.0 = Release|Win32
	EndGlobalSection
	GlobalSection(SolutionProperties) = preSolution
		HideSolutionNode = FALSE
	EndGlobalSection
	GlobalSection(ExtensibilityGlobals) = postSolution
		SolutionGuid = {413BEC95-1E8E-4D67-99CB-9DF98EC8BC3F}
	EndGlobalSection
EndGlobal
