
Microsoft Visual Studio Solution File, Format Version 12.00
# Visual Studio Version 17
VisualStudioVersion = 17.9.34616.47
MinimumVisualStudioVersion = 10.0.40219.1
Project("{8BC9CEB8-8B4A-11D0-8D11-00A0C91BC942}") = "Lesson1", "Lesson1\Lesson1.vcxproj", "{B9D0E12F-D43B-426D-9EEC-A20606D9BADE}"
EndProject
Project("{8BC9CEB8-8B4A-11D0-8D11-00A0C91BC942}") = "Lesson2", "Lesson2\Lesson2.vcxproj", "{14A1D858-21B8-4170-8F8E-F2B6F56AC9AC}"
EndProject
Project("{8BC9CEB8-8B4A-11D0-8D11-00A0C91BC942}") = "Ex1", "Ex1\Ex1.vcxproj", "{26DA20B7-FEA4-4E7D-9089-6C46F2F70778}"
EndProject
Project("{8BC9CEB8-8B4A-11D0-8D11-00A0C91BC942}") = "Ex2", "Ex2\Ex2.vcxproj", "{732747B5-D3C1-4CDC-BB2E-FE12A691BC42}"
EndProject
Project("{8BC9CEB8-8B4A-11D0-8D11-00A0C91BC942}") = "Lesson3", "Lesson3\Lesson3.vcxproj", "{09E1C273-79A6-46EE-A0BA-0D4904FAF4CE}"
EndProject
Project("{8BC9CEB8-8B4A-11D0-8D11-00A0C91BC942}") = "Ex3", "Ex3\Ex3.vcxproj", "{513B96C7-E9A8-408E-AE08-C2911933B976}"
EndProject
Project("{8BC9CEB8-8B4A-11D0-8D11-00A0C91BC942}") = "Lesson4", "Lesson4\Lesson4.vcxproj", "{6C3334BC-C31A-4978-B7DA-13028109E3A7}"
EndProject
Project("{8BC9CEB8-8B4A-11D0-8D11-00A0C91BC942}") = "Ex4", "Ex4\Ex4.vcxproj", "{3EAEFB5D-C079-4C43-BB24-B197A92ED02C}"
EndProject
Project("{8BC9CEB8-8B4A-11D0-8D11-00A0C91BC942}") = "Lesson5", "Lesson5\Lesson5.vcxproj", "{E860B1BE-DC47-4749-98E7-9240F51C3E40}"
EndProject
Project("{8BC9CEB8-8B4A-11D0-8D11-00A0C91BC942}") = "Ex5", "Ex5\Ex5.vcxproj", "{B446F521-632B-430A-8334-E5D0534E581B}"
EndProject
Project("{8BC9CEB8-8B4A-11D0-8D11-00A0C91BC942}") = "Recursion", "Recursion\Recursion.vcxproj", "{B91B096A-918B-4745-AB30-3739AD2E7F18}"
EndProject
Project("{8BC9CEB8-8B4A-11D0-8D11-00A0C91BC942}") = "Lesson6", "Lesson6\Lesson6.vcxproj", "{C327E1D0-871D-4F2A-818F-4028D168044D}"
EndProject
Project("{8BC9CEB8-8B4A-11D0-8D11-00A0C91BC942}") = "Ex6", "Ex6\Ex6.vcxproj", "{DDA7C9D0-CFBB-4D4B-8273-4CC1F8B5AD13}"
EndProject
Project("{8BC9CEB8-8B4A-11D0-8D11-00A0C91BC942}") = "Lesson7", "Lesson7\Lesson7.vcxproj", "{307BD482-38AE-47DE-99E1-2AC67D98EF7D}"
EndProject
Project("{8BC9CEB8-8B4A-11D0-8D11-00A0C91BC942}") = "Ex7", "Ex7\Ex7.vcxproj", "{20A55495-77CE-46A5-924E-CCA744FFD843}"
EndProject
Project("{8BC9CEB8-8B4A-11D0-8D11-00A0C91BC942}") = "Ex7_1", "Ex7_1\Ex7_1.vcxproj", "{A6E5B1E9-ECDC-4876-95E0-6A1E25B5AFEA}"
EndProject
Project("{8BC9CEB8-8B4A-11D0-8D11-00A0C91BC942}") = "Ex7_2", "Ex7_2\Ex7_2.vcxproj", "{DD6D145C-E0E0-4E33-ABFA-2E256671506F}"
EndProject
Project("{8BC9CEB8-8B4A-11D0-8D11-00A0C91BC942}") = "Lesson7_1", "Lesson7_1\Lesson7_1.vcxproj", "{0C6F4DEF-71BF-4441-AC31-E9591880C492}"
EndProject
Project("{8BC9CEB8-8B4A-11D0-8D11-00A0C91BC942}") = "Lesson7_2", "Lesson7_2\Lesson7_2.vcxproj", "{2F6D1CDA-7815-410D-BCD2-B6CE94919A51}"
EndProject
Project("{8BC9CEB8-8B4A-11D0-8D11-00A0C91BC942}") = "Lesson8_1", "Lesson8_1\Lesson8_1.vcxproj", "{A173A88A-4699-4F13-9B25-C9903412DACE}"
EndProject
Project("{8BC9CEB8-8B4A-11D0-8D11-00A0C91BC942}") = "Lesson8_2", "Lesson8_2\Lesson8_2.vcxproj", "{9344E82E-7F5B-40A6-8FC0-4344FE144BE7}"
EndProject
Project("{8BC9CEB8-8B4A-11D0-8D11-00A0C91BC942}") = "Lesson8_3", "Lesson8_3\Lesson8_3.vcxproj", "{B8DE4803-AE87-4768-BEB3-1722722ACD69}"
EndProject
Project("{8BC9CEB8-8B4A-11D0-8D11-00A0C91BC942}") = "Lesson8_4", "Lesson8_4\Lesson8_4.vcxproj", "{8883E849-3926-4A8D-A770-A571BB3EDFB3}"
EndProject
Project("{8BC9CEB8-8B4A-11D0-8D11-00A0C91BC942}") = "Lesson8_5", "Lesson8_5\Lesson8_5.vcxproj", "{2687DB73-6ED5-4217-92E9-EE812F11BAB7}"
EndProject
Global
	GlobalSection(SolutionConfigurationPlatforms) = preSolution
		Debug|x64 = Debug|x64
		Debug|x86 = Debug|x86
		Release|x64 = Release|x64
		Release|x86 = Release|x86
	EndGlobalSection
	GlobalSection(ProjectConfigurationPlatforms) = postSolution
		{B9D0E12F-D43B-426D-9EEC-A20606D9BADE}.Debug|x64.ActiveCfg = Debug|x64
		{B9D0E12F-D43B-426D-9EEC-A20606D9BADE}.Debug|x64.Build.0 = Debug|x64
		{B9D0E12F-D43B-426D-9EEC-A20606D9BADE}.Debug|x86.ActiveCfg = Debug|Win32
		{B9D0E12F-D43B-426D-9EEC-A20606D9BADE}.Debug|x86.Build.0 = Debug|Win32
		{B9D0E12F-D43B-426D-9EEC-A20606D9BADE}.Release|x64.ActiveCfg = Release|x64
		{B9D0E12F-D43B-426D-9EEC-A20606D9BADE}.Release|x64.Build.0 = Release|x64
		{B9D0E12F-D43B-426D-9EEC-A20606D9BADE}.Release|x86.ActiveCfg = Release|Win32
		{B9D0E12F-D43B-426D-9EEC-A20606D9BADE}.Release|x86.Build.0 = Release|Win32
		{14A1D858-21B8-4170-8F8E-F2B6F56AC9AC}.Debug|x64.ActiveCfg = Debug|x64
		{14A1D858-21B8-4170-8F8E-F2B6F56AC9AC}.Debug|x64.Build.0 = Debug|x64
		{14A1D858-21B8-4170-8F8E-F2B6F56AC9AC}.Debug|x86.ActiveCfg = Debug|Win32
		{14A1D858-21B8-4170-8F8E-F2B6F56AC9AC}.Debug|x86.Build.0 = Debug|Win32
		{14A1D858-21B8-4170-8F8E-F2B6F56AC9AC}.Release|x64.ActiveCfg = Release|x64
		{14A1D858-21B8-4170-8F8E-F2B6F56AC9AC}.Release|x64.Build.0 = Release|x64
		{14A1D858-21B8-4170-8F8E-F2B6F56AC9AC}.Release|x86.ActiveCfg = Release|Win32
		{14A1D858-21B8-4170-8F8E-F2B6F56AC9AC}.Release|x86.Build.0 = Release|Win32
		{26DA20B7-FEA4-4E7D-9089-6C46F2F70778}.Debug|x64.ActiveCfg = Debug|x64
		{26DA20B7-FEA4-4E7D-9089-6C46F2F70778}.Debug|x64.Build.0 = Debug|x64
		{26DA20B7-FEA4-4E7D-9089-6C46F2F70778}.Debug|x86.ActiveCfg = Debug|Win32
		{26DA20B7-FEA4-4E7D-9089-6C46F2F70778}.Debug|x86.Build.0 = Debug|Win32
		{26DA20B7-FEA4-4E7D-9089-6C46F2F70778}.Release|x64.ActiveCfg = Release|x64
		{26DA20B7-FEA4-4E7D-9089-6C46F2F70778}.Release|x64.Build.0 = Release|x64
		{26DA20B7-FEA4-4E7D-9089-6C46F2F70778}.Release|x86.ActiveCfg = Release|Win32
		{26DA20B7-FEA4-4E7D-9089-6C46F2F70778}.Release|x86.Build.0 = Release|Win32
		{732747B5-D3C1-4CDC-BB2E-FE12A691BC42}.Debug|x64.ActiveCfg = Debug|x64
		{732747B5-D3C1-4CDC-BB2E-FE12A691BC42}.Debug|x64.Build.0 = Debug|x64
		{732747B5-D3C1-4CDC-BB2E-FE12A691BC42}.Debug|x86.ActiveCfg = Debug|Win32
		{732747B5-D3C1-4CDC-BB2E-FE12A691BC42}.Debug|x86.Build.0 = Debug|Win32
		{732747B5-D3C1-4CDC-BB2E-FE12A691BC42}.Release|x64.ActiveCfg = Release|x64
		{732747B5-D3C1-4CDC-BB2E-FE12A691BC42}.Release|x64.Build.0 = Release|x64
		{732747B5-D3C1-4CDC-BB2E-FE12A691BC42}.Release|x86.ActiveCfg = Release|Win32
		{732747B5-D3C1-4CDC-BB2E-FE12A691BC42}.Release|x86.Build.0 = Release|Win32
		{09E1C273-79A6-46EE-A0BA-0D4904FAF4CE}.Debug|x64.ActiveCfg = Debug|x64
		{09E1C273-79A6-46EE-A0BA-0D4904FAF4CE}.Debug|x64.Build.0 = Debug|x64
		{09E1C273-79A6-46EE-A0BA-0D4904FAF4CE}.Debug|x86.ActiveCfg = Debug|Win32
		{09E1C273-79A6-46EE-A0BA-0D4904FAF4CE}.Debug|x86.Build.0 = Debug|Win32
		{09E1C273-79A6-46EE-A0BA-0D4904FAF4CE}.Release|x64.ActiveCfg = Release|x64
		{09E1C273-79A6-46EE-A0BA-0D4904FAF4CE}.Release|x64.Build.0 = Release|x64
		{09E1C273-79A6-46EE-A0BA-0D4904FAF4CE}.Release|x86.ActiveCfg = Release|Win32
		{09E1C273-79A6-46EE-A0BA-0D4904FAF4CE}.Release|x86.Build.0 = Release|Win32
		{513B96C7-E9A8-408E-AE08-C2911933B976}.Debug|x64.ActiveCfg = Debug|x64
		{513B96C7-E9A8-408E-AE08-C2911933B976}.Debug|x64.Build.0 = Debug|x64
		{513B96C7-E9A8-408E-AE08-C2911933B976}.Debug|x86.ActiveCfg = Debug|Win32
		{513B96C7-E9A8-408E-AE08-C2911933B976}.Debug|x86.Build.0 = Debug|Win32
		{513B96C7-E9A8-408E-AE08-C2911933B976}.Release|x64.ActiveCfg = Release|x64
		{513B96C7-E9A8-408E-AE08-C2911933B976}.Release|x64.Build.0 = Release|x64
		{513B96C7-E9A8-408E-AE08-C2911933B976}.Release|x86.ActiveCfg = Release|Win32
		{513B96C7-E9A8-408E-AE08-C2911933B976}.Release|x86.Build.0 = Release|Win32
		{6C3334BC-C31A-4978-B7DA-13028109E3A7}.Debug|x64.ActiveCfg = Debug|x64
		{6C3334BC-C31A-4978-B7DA-13028109E3A7}.Debug|x64.Build.0 = Debug|x64
		{6C3334BC-C31A-4978-B7DA-13028109E3A7}.Debug|x86.ActiveCfg = Debug|Win32
		{6C3334BC-C31A-4978-B7DA-13028109E3A7}.Debug|x86.Build.0 = Debug|Win32
		{6C3334BC-C31A-4978-B7DA-13028109E3A7}.Release|x64.ActiveCfg = Release|x64
		{6C3334BC-C31A-4978-B7DA-13028109E3A7}.Release|x64.Build.0 = Release|x64
		{6C3334BC-C31A-4978-B7DA-13028109E3A7}.Release|x86.ActiveCfg = Release|Win32
		{6C3334BC-C31A-4978-B7DA-13028109E3A7}.Release|x86.Build.0 = Release|Win32
		{3EAEFB5D-C079-4C43-BB24-B197A92ED02C}.Debug|x64.ActiveCfg = Debug|x64
		{3EAEFB5D-C079-4C43-BB24-B197A92ED02C}.Debug|x64.Build.0 = Debug|x64
		{3EAEFB5D-C079-4C43-BB24-B197A92ED02C}.Debug|x86.ActiveCfg = Debug|Win32
		{3EAEFB5D-C079-4C43-BB24-B197A92ED02C}.Debug|x86.Build.0 = Debug|Win32
		{3EAEFB5D-C079-4C43-BB24-B197A92ED02C}.Release|x64.ActiveCfg = Release|x64
		{3EAEFB5D-C079-4C43-BB24-B197A92ED02C}.Release|x64.Build.0 = Release|x64
		{3EAEFB5D-C079-4C43-BB24-B197A92ED02C}.Release|x86.ActiveCfg = Release|Win32
		{3EAEFB5D-C079-4C43-BB24-B197A92ED02C}.Release|x86.Build.0 = Release|Win32
		{E860B1BE-DC47-4749-98E7-9240F51C3E40}.Debug|x64.ActiveCfg = Debug|x64
		{E860B1BE-DC47-4749-98E7-9240F51C3E40}.Debug|x64.Build.0 = Debug|x64
		{E860B1BE-DC47-4749-98E7-9240F51C3E40}.Debug|x86.ActiveCfg = Debug|Win32
		{E860B1BE-DC47-4749-98E7-9240F51C3E40}.Debug|x86.Build.0 = Debug|Win32
		{E860B1BE-DC47-4749-98E7-9240F51C3E40}.Release|x64.ActiveCfg = Release|x64
		{E860B1BE-DC47-4749-98E7-9240F51C3E40}.Release|x64.Build.0 = Release|x64
		{E860B1BE-DC47-4749-98E7-9240F51C3E40}.Release|x86.ActiveCfg = Release|Win32
		{E860B1BE-DC47-4749-98E7-9240F51C3E40}.Release|x86.Build.0 = Release|Win32
		{B446F521-632B-430A-8334-E5D0534E581B}.Debug|x64.ActiveCfg = Debug|x64
		{B446F521-632B-430A-8334-E5D0534E581B}.Debug|x64.Build.0 = Debug|x64
		{B446F521-632B-430A-8334-E5D0534E581B}.Debug|x86.ActiveCfg = Debug|Win32
		{B446F521-632B-430A-8334-E5D0534E581B}.Debug|x86.Build.0 = Debug|Win32
		{B446F521-632B-430A-8334-E5D0534E581B}.Release|x64.ActiveCfg = Release|x64
		{B446F521-632B-430A-8334-E5D0534E581B}.Release|x64.Build.0 = Release|x64
		{B446F521-632B-430A-8334-E5D0534E581B}.Release|x86.ActiveCfg = Release|Win32
		{B446F521-632B-430A-8334-E5D0534E581B}.Release|x86.Build.0 = Release|Win32
		{B91B096A-918B-4745-AB30-3739AD2E7F18}.Debug|x64.ActiveCfg = Debug|x64
		{B91B096A-918B-4745-AB30-3739AD2E7F18}.Debug|x64.Build.0 = Debug|x64
		{B91B096A-918B-4745-AB30-3739AD2E7F18}.Debug|x86.ActiveCfg = Debug|Win32
		{B91B096A-918B-4745-AB30-3739AD2E7F18}.Debug|x86.Build.0 = Debug|Win32
		{B91B096A-918B-4745-AB30-3739AD2E7F18}.Release|x64.ActiveCfg = Release|x64
		{B91B096A-918B-4745-AB30-3739AD2E7F18}.Release|x64.Build.0 = Release|x64
		{B91B096A-918B-4745-AB30-3739AD2E7F18}.Release|x86.ActiveCfg = Release|Win32
		{B91B096A-918B-4745-AB30-3739AD2E7F18}.Release|x86.Build.0 = Release|Win32
		{C327E1D0-871D-4F2A-818F-4028D168044D}.Debug|x64.ActiveCfg = Debug|x64
		{C327E1D0-871D-4F2A-818F-4028D168044D}.Debug|x64.Build.0 = Debug|x64
		{C327E1D0-871D-4F2A-818F-4028D168044D}.Debug|x86.ActiveCfg = Debug|Win32
		{C327E1D0-871D-4F2A-818F-4028D168044D}.Debug|x86.Build.0 = Debug|Win32
		{C327E1D0-871D-4F2A-818F-4028D168044D}.Release|x64.ActiveCfg = Release|x64
		{C327E1D0-871D-4F2A-818F-4028D168044D}.Release|x64.Build.0 = Release|x64
		{C327E1D0-871D-4F2A-818F-4028D168044D}.Release|x86.ActiveCfg = Release|Win32
		{C327E1D0-871D-4F2A-818F-4028D168044D}.Release|x86.Build.0 = Release|Win32
		{DDA7C9D0-CFBB-4D4B-8273-4CC1F8B5AD13}.Debug|x64.ActiveCfg = Debug|x64
		{DDA7C9D0-CFBB-4D4B-8273-4CC1F8B5AD13}.Debug|x64.Build.0 = Debug|x64
		{DDA7C9D0-CFBB-4D4B-8273-4CC1F8B5AD13}.Debug|x86.ActiveCfg = Debug|Win32
		{DDA7C9D0-CFBB-4D4B-8273-4CC1F8B5AD13}.Debug|x86.Build.0 = Debug|Win32
		{DDA7C9D0-CFBB-4D4B-8273-4CC1F8B5AD13}.Release|x64.ActiveCfg = Release|x64
		{DDA7C9D0-CFBB-4D4B-8273-4CC1F8B5AD13}.Release|x64.Build.0 = Release|x64
		{DDA7C9D0-CFBB-4D4B-8273-4CC1F8B5AD13}.Release|x86.ActiveCfg = Release|Win32
		{DDA7C9D0-CFBB-4D4B-8273-4CC1F8B5AD13}.Release|x86.Build.0 = Release|Win32
		{307BD482-38AE-47DE-99E1-2AC67D98EF7D}.Debug|x64.ActiveCfg = Debug|x64
		{307BD482-38AE-47DE-99E1-2AC67D98EF7D}.Debug|x64.Build.0 = Debug|x64
		{307BD482-38AE-47DE-99E1-2AC67D98EF7D}.Debug|x86.ActiveCfg = Debug|Win32
		{307BD482-38AE-47DE-99E1-2AC67D98EF7D}.Debug|x86.Build.0 = Debug|Win32
		{307BD482-38AE-47DE-99E1-2AC67D98EF7D}.Release|x64.ActiveCfg = Release|x64
		{307BD482-38AE-47DE-99E1-2AC67D98EF7D}.Release|x64.Build.0 = Release|x64
		{307BD482-38AE-47DE-99E1-2AC67D98EF7D}.Release|x86.ActiveCfg = Release|Win32
		{307BD482-38AE-47DE-99E1-2AC67D98EF7D}.Release|x86.Build.0 = Release|Win32
		{20A55495-77CE-46A5-924E-CCA744FFD843}.Debug|x64.ActiveCfg = Debug|x64
		{20A55495-77CE-46A5-924E-CCA744FFD843}.Debug|x64.Build.0 = Debug|x64
		{20A55495-77CE-46A5-924E-CCA744FFD843}.Debug|x86.ActiveCfg = Debug|Win32
		{20A55495-77CE-46A5-924E-CCA744FFD843}.Debug|x86.Build.0 = Debug|Win32
		{20A55495-77CE-46A5-924E-CCA744FFD843}.Release|x64.ActiveCfg = Release|x64
		{20A55495-77CE-46A5-924E-CCA744FFD843}.Release|x64.Build.0 = Release|x64
		{20A55495-77CE-46A5-924E-CCA744FFD843}.Release|x86.ActiveCfg = Release|Win32
		{20A55495-77CE-46A5-924E-CCA744FFD843}.Release|x86.Build.0 = Release|Win32
		{A6E5B1E9-ECDC-4876-95E0-6A1E25B5AFEA}.Debug|x64.ActiveCfg = Debug|x64
		{A6E5B1E9-ECDC-4876-95E0-6A1E25B5AFEA}.Debug|x64.Build.0 = Debug|x64
		{A6E5B1E9-ECDC-4876-95E0-6A1E25B5AFEA}.Debug|x86.ActiveCfg = Debug|Win32
		{A6E5B1E9-ECDC-4876-95E0-6A1E25B5AFEA}.Debug|x86.Build.0 = Debug|Win32
		{A6E5B1E9-ECDC-4876-95E0-6A1E25B5AFEA}.Release|x64.ActiveCfg = Release|x64
		{A6E5B1E9-ECDC-4876-95E0-6A1E25B5AFEA}.Release|x64.Build.0 = Release|x64
		{A6E5B1E9-ECDC-4876-95E0-6A1E25B5AFEA}.Release|x86.ActiveCfg = Release|Win32
		{A6E5B1E9-ECDC-4876-95E0-6A1E25B5AFEA}.Release|x86.Build.0 = Release|Win32
		{DD6D145C-E0E0-4E33-ABFA-2E256671506F}.Debug|x64.ActiveCfg = Debug|x64
		{DD6D145C-E0E0-4E33-ABFA-2E256671506F}.Debug|x64.Build.0 = Debug|x64
		{DD6D145C-E0E0-4E33-ABFA-2E256671506F}.Debug|x86.ActiveCfg = Debug|Win32
		{DD6D145C-E0E0-4E33-ABFA-2E256671506F}.Debug|x86.Build.0 = Debug|Win32
		{DD6D145C-E0E0-4E33-ABFA-2E256671506F}.Release|x64.ActiveCfg = Release|x64
		{DD6D145C-E0E0-4E33-ABFA-2E256671506F}.Release|x64.Build.0 = Release|x64
		{DD6D145C-E0E0-4E33-ABFA-2E256671506F}.Release|x86.ActiveCfg = Release|Win32
		{DD6D145C-E0E0-4E33-ABFA-2E256671506F}.Release|x86.Build.0 = Release|Win32
		{0C6F4DEF-71BF-4441-AC31-E9591880C492}.Debug|x64.ActiveCfg = Debug|x64
		{0C6F4DEF-71BF-4441-AC31-E9591880C492}.Debug|x64.Build.0 = Debug|x64
		{0C6F4DEF-71BF-4441-AC31-E9591880C492}.Debug|x86.ActiveCfg = Debug|Win32
		{0C6F4DEF-71BF-4441-AC31-E9591880C492}.Debug|x86.Build.0 = Debug|Win32
		{0C6F4DEF-71BF-4441-AC31-E9591880C492}.Release|x64.ActiveCfg = Release|x64
		{0C6F4DEF-71BF-4441-AC31-E9591880C492}.Release|x64.Build.0 = Release|x64
		{0C6F4DEF-71BF-4441-AC31-E9591880C492}.Release|x86.ActiveCfg = Release|Win32
		{0C6F4DEF-71BF-4441-AC31-E9591880C492}.Release|x86.Build.0 = Release|Win32
		{2F6D1CDA-7815-410D-BCD2-B6CE94919A51}.Debug|x64.ActiveCfg = Debug|x64
		{2F6D1CDA-7815-410D-BCD2-B6CE94919A51}.Debug|x64.Build.0 = Debug|x64
		{2F6D1CDA-7815-410D-BCD2-B6CE94919A51}.Debug|x86.ActiveCfg = Debug|Win32
		{2F6D1CDA-7815-410D-BCD2-B6CE94919A51}.Debug|x86.Build.0 = Debug|Win32
		{2F6D1CDA-7815-410D-BCD2-B6CE94919A51}.Release|x64.ActiveCfg = Release|x64
		{2F6D1CDA-7815-410D-BCD2-B6CE94919A51}.Release|x64.Build.0 = Release|x64
		{2F6D1CDA-7815-410D-BCD2-B6CE94919A51}.Release|x86.ActiveCfg = Release|Win32
		{2F6D1CDA-7815-410D-BCD2-B6CE94919A51}.Release|x86.Build.0 = Release|Win32
		{A173A88A-4699-4F13-9B25-C9903412DACE}.Debug|x64.ActiveCfg = Debug|x64
		{A173A88A-4699-4F13-9B25-C9903412DACE}.Debug|x64.Build.0 = Debug|x64
		{A173A88A-4699-4F13-9B25-C9903412DACE}.Debug|x86.ActiveCfg = Debug|Win32
		{A173A88A-4699-4F13-9B25-C9903412DACE}.Debug|x86.Build.0 = Debug|Win32
		{A173A88A-4699-4F13-9B25-C9903412DACE}.Release|x64.ActiveCfg = Release|x64
		{A173A88A-4699-4F13-9B25-C9903412DACE}.Release|x64.Build.0 = Release|x64
		{A173A88A-4699-4F13-9B25-C9903412DACE}.Release|x86.ActiveCfg = Release|Win32
		{A173A88A-4699-4F13-9B25-C9903412DACE}.Release|x86.Build.0 = Release|Win32
		{9344E82E-7F5B-40A6-8FC0-4344FE144BE7}.Debug|x64.ActiveCfg = Debug|x64
		{9344E82E-7F5B-40A6-8FC0-4344FE144BE7}.Debug|x64.Build.0 = Debug|x64
		{9344E82E-7F5B-40A6-8FC0-4344FE144BE7}.Debug|x86.ActiveCfg = Debug|Win32
		{9344E82E-7F5B-40A6-8FC0-4344FE144BE7}.Debug|x86.Build.0 = Debug|Win32
		{9344E82E-7F5B-40A6-8FC0-4344FE144BE7}.Release|x64.ActiveCfg = Release|x64
		{9344E82E-7F5B-40A6-8FC0-4344FE144BE7}.Release|x64.Build.0 = Release|x64
		{9344E82E-7F5B-40A6-8FC0-4344FE144BE7}.Release|x86.ActiveCfg = Release|Win32
		{9344E82E-7F5B-40A6-8FC0-4344FE144BE7}.Release|x86.Build.0 = Release|Win32
		{B8DE4803-AE87-4768-BEB3-1722722ACD69}.Debug|x64.ActiveCfg = Debug|x64
		{B8DE4803-AE87-4768-BEB3-1722722ACD69}.Debug|x64.Build.0 = Debug|x64
		{B8DE4803-AE87-4768-BEB3-1722722ACD69}.Debug|x86.ActiveCfg = Debug|Win32
		{B8DE4803-AE87-4768-BEB3-1722722ACD69}.Debug|x86.Build.0 = Debug|Win32
		{B8DE4803-AE87-4768-BEB3-1722722ACD69}.Release|x64.ActiveCfg = Release|x64
		{B8DE4803-AE87-4768-BEB3-1722722ACD69}.Release|x64.Build.0 = Release|x64
		{B8DE4803-AE87-4768-BEB3-1722722ACD69}.Release|x86.ActiveCfg = Release|Win32
		{B8DE4803-AE87-4768-BEB3-1722722ACD69}.Release|x86.Build.0 = Release|Win32
		{8883E849-3926-4A8D-A770-A571BB3EDFB3}.Debug|x64.ActiveCfg = Debug|x64
		{8883E849-3926-4A8D-A770-A571BB3EDFB3}.Debug|x64.Build.0 = Debug|x64
		{8883E849-3926-4A8D-A770-A571BB3EDFB3}.Debug|x86.ActiveCfg = Debug|Win32
		{8883E849-3926-4A8D-A770-A571BB3EDFB3}.Debug|x86.Build.0 = Debug|Win32
		{8883E849-3926-4A8D-A770-A571BB3EDFB3}.Release|x64.ActiveCfg = Release|x64
		{8883E849-3926-4A8D-A770-A571BB3EDFB3}.Release|x64.Build.0 = Release|x64
		{8883E849-3926-4A8D-A770-A571BB3EDFB3}.Release|x86.ActiveCfg = Release|Win32
		{8883E849-3926-4A8D-A770-A571BB3EDFB3}.Release|x86.Build.0 = Release|Win32
		{2687DB73-6ED5-4217-92E9-EE812F11BAB7}.Debug|x64.ActiveCfg = Debug|x64
		{2687DB73-6ED5-4217-92E9-EE812F11BAB7}.Debug|x64.Build.0 = Debug|x64
		{2687DB73-6ED5-4217-92E9-EE812F11BAB7}.Debug|x86.ActiveCfg = Debug|Win32
		{2687DB73-6ED5-4217-92E9-EE812F11BAB7}.Debug|x86.Build.0 = Debug|Win32
		{2687DB73-6ED5-4217-92E9-EE812F11BAB7}.Release|x64.ActiveCfg = Release|x64
		{2687DB73-6ED5-4217-92E9-EE812F11BAB7}.Release|x64.Build.0 = Release|x64
		{2687DB73-6ED5-4217-92E9-EE812F11BAB7}.Release|x86.ActiveCfg = Release|Win32
		{2687DB73-6ED5-4217-92E9-EE812F11BAB7}.Release|x86.Build.0 = Release|Win32
	EndGlobalSection
	GlobalSection(SolutionProperties) = preSolution
		HideSolutionNode = FALSE
	EndGlobalSection
	GlobalSection(ExtensibilityGlobals) = postSolution
		SolutionGuid = {413BEC95-1E8E-4D67-99CB-9DF98EC8BC3F}
	EndGlobalSection
EndGlobal
